{
  "nodes": {
    "apple-fonts": {
      "inputs": {
        "flake-parts": "flake-parts",
        "nixpkgs": [
          "nixpkgs"
        ]
      },
      "locked": {
        "lastModified": 1700325335,
        "narHash": "sha256-tPezidxOp/jgwRrNJc4ck23kMznXzskmRqJvR9xrkEo=",
        "owner": "tlvince",
        "repo": "apple-fonts.nix",
        "rev": "c8ba9641db00a026058b598c41620e01ed10c952",
        "type": "github"
      },
      "original": {
        "owner": "tlvince",
        "repo": "apple-fonts.nix",
        "type": "github"
      }
    },
    "disko": {
      "inputs": {
        "nixpkgs": [
          "nixpkgs"
        ]
      },
      "locked": {
        "lastModified": 1704741201,
        "narHash": "sha256-Y420NeqPWRSpxHpXsxhKILfTxT5exjtTgCgDwSpcEfU=",
        "owner": "nix-community",
        "repo": "disko",
        "rev": "f0a3425a7b173701922e7959d8bfb136ef53aa54",
        "type": "github"
      },
      "original": {
        "owner": "nix-community",
        "repo": "disko",
        "type": "github"
      }
    },
    "ectool": {
      "inputs": {
        "nixpkgs": [
          "nixpkgs"
        ]
      },
      "locked": {
        "lastModified": 1703923686,
        "narHash": "sha256-OKwWIDm6GxMwoI0+mw0dAdeTC5i7VaZEZcIu+ALy+oc=",
        "owner": "tlvince",
        "repo": "ectool.nix",
        "rev": "441b9b2534cc92cb69cf2b17c977ec8ccab13668",
        "type": "github"
      },
      "original": {
        "owner": "tlvince",
        "repo": "ectool.nix",
        "type": "github"
      }
    },
    "flake-parts": {
      "inputs": {
        "nixpkgs-lib": "nixpkgs-lib"
      },
      "locked": {
        "lastModified": 1698882062,
        "narHash": "sha256-HkhafUayIqxXyHH1X8d9RDl1M2CkFgZLjKD3MzabiEo=",
        "owner": "hercules-ci",
        "repo": "flake-parts",
        "rev": "8c9fa2545007b49a5db5f650ae91f227672c3877",
        "type": "github"
      },
      "original": {
        "owner": "hercules-ci",
        "repo": "flake-parts",
        "type": "github"
      }
    },
    "home-manager": {
      "inputs": {
        "nixpkgs": [
          "nixpkgs"
        ]
      },
      "locked": {
        "lastModified": 1704498488,
        "narHash": "sha256-yINKdShHrtjdiJhov+q0s3Y3B830ujRoSbHduUNyKag=",
        "owner": "nix-community",
        "repo": "home-manager",
        "rev": "51e44a13acea71b36245e8bd8c7db53e0a3e61ee",
        "type": "github"
      },
      "original": {
        "owner": "nix-community",
        "repo": "home-manager",
        "type": "github"
      }
    },
    "nixos-hardware": {
      "locked": {
        "lastModified": 1704786394,
        "narHash": "sha256-aJM0ln9fMGWw1+tjyl5JZWZ3ahxAA2gw2ZpZY/hkEMs=",
        "owner": "NixOS",
        "repo": "nixos-hardware",
        "rev": "b34a6075e9e298c4124e35c3ccaf2210c1f3a43b",
        "type": "github"
      },
      "original": {
        "owner": "NixOS",
        "repo": "nixos-hardware",
        "type": "github"
      }
    },
    "nixpkgs": {
      "locked": {
        "lastModified": 1704538339,
        "narHash": "sha256-1734d3mQuux9ySvwf6axRWZRBhtcZA9Q8eftD6EZg6U=",
        "owner": "nixos",
        "repo": "nixpkgs",
        "rev": "46ae0210ce163b3cba6c7da08840c1d63de9c701",
        "type": "github"
      },
      "original": {
        "owner": "nixos",
        "ref": "nixos-unstable",
        "repo": "nixpkgs",
        "type": "github"
      }
    },
    "nixpkgs-lib": {
      "locked": {
        "dir": "lib",
        "lastModified": 1698611440,
        "narHash": "sha256-jPjHjrerhYDy3q9+s5EAsuhyhuknNfowY6yt6pjn9pc=",
        "owner": "NixOS",
        "repo": "nixpkgs",
        "rev": "0cbe9f69c234a7700596e943bfae7ef27a31b735",
        "type": "github"
      },
      "original": {
        "dir": "lib",
        "owner": "NixOS",
        "ref": "nixos-unstable",
        "repo": "nixpkgs",
        "type": "github"
      }
    },
    "root": {
      "inputs": {
        "apple-fonts": "apple-fonts",
        "disko": "disko",
        "ectool": "ectool",
        "home-manager": "home-manager",
        "nixos-hardware": "nixos-hardware",
        "nixpkgs": "nixpkgs",
        "tmux-colours-onedark": "tmux-colours-onedark"
      }
    },
    "tmux-colours-onedark": {
      "flake": false,
      "locked": {
        "lastModified": 1563251675,
        "narHash": "sha256-UQMy7ylT0oCcXyP1lGa7RFRtJpvf2kJOxOmcxDMntx8=",
        "owner": "tlvince",
        "repo": "tmux-colours-onedark",
        "rev": "ff2cfa31051227c829fc84975385ad8042cf369b",
        "type": "github"
      },
      "original": {
        "owner": "tlvince",
        "repo": "tmux-colours-onedark",
        "type": "github"
      }
    }
  },
  "root": "root",
  "version": 7
}
